
Microsoft Visual Studio Solution File, Format Version 12.00
# Visual Studio Version 16
VisualStudioVersion = 16.0.30204.135
MinimumVisualStudioVersion = 10.0.40219.1
Project("{FAE04EC0-301F-11D3-BF4B-00C04F79EFBC}") = "ConsoleApp4", "ConsoleApp4\ConsoleApp4.csproj", "{6F725988-8C76-4329-B45F-A574AF88DEFC}"
EndProject
Global
	GlobalSection(SolutionConfigurationPlatforms) = preSolution
		Debug|Any CPU = Debug|Any CPU
		Release|Any CPU = Release|Any CPU
	EndGlobalSection
	GlobalSection(ProjectConfigurationPlatforms) = postSolution
		{6F725988-8C76-4329-B45F-A574AF88DEFC}.Debug|Any CPU.ActiveCfg = Debug|Any CPU
		{6F725988-8C76-4329-B45F-A574AF88DEFC}.Debug|Any CPU.Build.0 = Debug|Any CPU
		{6F725988-8C76-4329-B45F-A574AF88DEFC}.Release|Any CPU.ActiveCfg = Release|Any CPU
		{6F725988-8C76-4329-B45F-A574AF88DEFC}.Release|Any CPU.Build.0 = Release|Any CPU
	EndGlobalSection
	GlobalSection(SolutionProperties) = preSolution
		HideSolutionNode = FALSE
	EndGlobalSection
	GlobalSection(ExtensibilityGlobals) = postSolution
		SolutionGuid = {553D4C3D-5A1F-43BA-B38B-CF809B2FB872}
	EndGlobalSection
EndGlobal
